
Microsoft Visual Studio Solution File, Format Version 12.00
# Visual Studio 14
VisualStudioVersion = 14.0.25123.0
MinimumVisualStudioVersion = 10.0.40219.1
Project("{FAE04EC0-301F-11D3-BF4B-00C04F79EFBC}") = "PopulationSimulation", "PopulationSimulation\PopulationSimulation.csproj", "{A82BF24D-C830-4468-8666-C7C41B1D0C1D}"
EndProject
Global
	GlobalSection(SolutionConfigurationPlatforms) = preSolution
		Debug|Any CPU = Debug|Any CPU
		Release|Any CPU = Release|Any CPU
	EndGlobalSection
	GlobalSection(ProjectConfigurationPlatforms) = postSolution
		{A82BF24D-C830-4468-8666-C7C41B1D0C1D}.Debug|Any CPU.ActiveCfg = Debug|Any CPU
		{A82BF24D-C830-4468-8666-C7C41B1D0C1D}.Debug|Any CPU.Build.0 = Debug|Any CPU
		{A82BF24D-C830-4468-8666-C7C41B1D0C1D}.Release|Any CPU.ActiveCfg = Release|Any CPU
		{A82BF24D-C830-4468-8666-C7C41B1D0C1D}.Release|Any CPU.Build.0 = Release|Any CPU
	EndGlobalSection
	GlobalSection(SolutionProperties) = preSolution
		HideSolutionNode = FALSE
	EndGlobalSection
EndGlobal
